
Microsoft Visual Studio Solution File, Format Version 12.00
# Visual Studio 15
VisualStudioVersion = 15.0.28307.136
MinimumVisualStudioVersion = 10.0.40219.1
Project("{FAE04EC0-301F-11D3-BF4B-00C04F79EFBC}") = "Assesment8", "Assesment8\Assesment8.csproj", "{8536CFD7-FD83-4CE1-AF5C-53BFB30C75EB}"
EndProject
Global
	GlobalSection(SolutionConfigurationPlatforms) = preSolution
		Debug|Any CPU = Debug|Any CPU
		Release|Any CPU = Release|Any CPU
	EndGlobalSection
	GlobalSection(ProjectConfigurationPlatforms) = postSolution
		{8536CFD7-FD83-4CE1-AF5C-53BFB30C75EB}.Debug|Any CPU.ActiveCfg = Debug|Any CPU
		{8536CFD7-FD83-4CE1-AF5C-53BFB30C75EB}.Debug|Any CPU.Build.0 = Debug|Any CPU
		{8536CFD7-FD83-4CE1-AF5C-53BFB30C75EB}.Release|Any CPU.ActiveCfg = Release|Any CPU
		{8536CFD7-FD83-4CE1-AF5C-53BFB30C75EB}.Release|Any CPU.Build.0 = Release|Any CPU
	EndGlobalSection
	GlobalSection(SolutionProperties) = preSolution
		HideSolutionNode = FALSE
	EndGlobalSection
	GlobalSection(ExtensibilityGlobals) = postSolution
		SolutionGuid = {EED34CAB-2F5C-45F9-A2E7-65DDF23AC468}
	EndGlobalSection
EndGlobal
